
Microsoft Visual Studio Solution File, Format Version 12.00
# Visual Studio Version 16
VisualStudioVersion = 16.0.810.11
MinimumVisualStudioVersion = 10.0.40219.1
Project("{FAE04EC0-301F-11D3-BF4B-00C04F79EFBC}") = "SC.DevChallenge.Api", "SC.DevChallenge.Api.csproj", "{E07BCB04-4A6B-4A3E-9F77-C47AC30DF6CD}"
EndProject
Project("{FAE04EC0-301F-11D3-BF4B-00C04F79EFBC}") = "BattleIt_Tests", "..\BattleIt_Test\BattleIt_Tests\BattleIt_Tests.csproj", "{DE3E6D20-6613-4E38-A0D7-74561C5E8850}"
EndProject
Global
	GlobalSection(SolutionConfigurationPlatforms) = preSolution
		Debug|Any CPU = Debug|Any CPU
		Release|Any CPU = Release|Any CPU
	EndGlobalSection
	GlobalSection(ProjectConfigurationPlatforms) = postSolution
		{E07BCB04-4A6B-4A3E-9F77-C47AC30DF6CD}.Debug|Any CPU.ActiveCfg = Debug|Any CPU
		{E07BCB04-4A6B-4A3E-9F77-C47AC30DF6CD}.Debug|Any CPU.Build.0 = Debug|Any CPU
		{E07BCB04-4A6B-4A3E-9F77-C47AC30DF6CD}.Release|Any CPU.ActiveCfg = Release|Any CPU
		{E07BCB04-4A6B-4A3E-9F77-C47AC30DF6CD}.Release|Any CPU.Build.0 = Release|Any CPU
		{DE3E6D20-6613-4E38-A0D7-74561C5E8850}.Debug|Any CPU.ActiveCfg = Debug|Any CPU
		{DE3E6D20-6613-4E38-A0D7-74561C5E8850}.Debug|Any CPU.Build.0 = Debug|Any CPU
		{DE3E6D20-6613-4E38-A0D7-74561C5E8850}.Release|Any CPU.ActiveCfg = Release|Any CPU
		{DE3E6D20-6613-4E38-A0D7-74561C5E8850}.Release|Any CPU.Build.0 = Release|Any CPU
	EndGlobalSection
	GlobalSection(SolutionProperties) = preSolution
		HideSolutionNode = FALSE
	EndGlobalSection
	GlobalSection(ExtensibilityGlobals) = postSolution
		SolutionGuid = {E4D4F53B-B894-483E-BDC0-3C1D213C6BB2}
	EndGlobalSection
EndGlobal
